# This file is automatically @generated by Cargo.
# It is not intended for manual editing.
version = 3

[[package]]
name = "cc"
version = "1.0.79"
source = "registry+https://github.com/rust-lang/crates.io-index"
checksum = "50d30906286121d95be3d479533b458f87493b30a4b5f79a607db8f5d11aa91f"
dependencies = [
 "jobserver",
]

[[package]]
name = "clang-format"
version = "0.1.3"
source = "registry+https://github.com/rust-lang/crates.io-index"
checksum = "3c6a49aa81aee4ac71d780395eb37788414b1fdb85033b52b5f13e80cd6b9f4a"
dependencies = [
 "once_cell",
]

[[package]]
name = "codespan-reporting"
version = "0.11.1"
source = "registry+https://github.com/rust-lang/crates.io-index"
checksum = "3538270d33cc669650c4b093848450d380def10c331d38c768e34cac80576e6e"
dependencies = [
 "termcolor",
 "unicode-width",
]

[[package]]
name = "convert_case"
version = "0.6.0"
source = "registry+https://github.com/rust-lang/crates.io-index"
checksum = "ec182b0ca2f35d8fc196cf3404988fd8b8c739a4d270ff118a398feb0cbec1ca"
dependencies = [
 "unicode-segmentation",
]

[[package]]
name = "cxx"
version = "1.0.102"
source = "registry+https://github.com/rust-lang/crates.io-index"
checksum = "f68e12e817cb19eaab81aaec582b4052d07debd3c3c6b083b9d361db47c7dc9d"
dependencies = [
 "cc",
 "cxxbridge-flags",
 "cxxbridge-macro",
 "link-cplusplus",
]

[[package]]
name = "cxx-build"
version = "1.0.102"
source = "registry+https://github.com/rust-lang/crates.io-index"
checksum = "e789217e4ab7cf8cc9ce82253180a9fe331f35f5d339f0ccfe0270b39433f397"
dependencies = [
 "cc",
 "codespan-reporting",
 "once_cell",
 "proc-macro2",
 "quote",
 "scratch",
 "syn 2.0.27",
]

[[package]]
name = "cxx-gen"
version = "0.7.102"
source = "registry+https://github.com/rust-lang/crates.io-index"
checksum = "e4c97ffaad906480eeb3f45463725273f9b5b62a22fb7dea152acbe9c0a149d4"
dependencies = [
 "codespan-reporting",
 "proc-macro2",
 "quote",
 "syn 2.0.27",
]

[[package]]
name = "cxx-qt"
version = "0.5.3"
source = "registry+https://github.com/rust-lang/crates.io-index"
checksum = "2002fa000d687f8cf21abce76d85d4eceef638dcd2a146dc3f61b47e67d89220"
dependencies = [
 "cxx-qt-gen",
 "proc-macro2",
 "syn 1.0.109",
]

[[package]]
name = "cxx-qt-build"
version = "0.5.3"
source = "registry+https://github.com/rust-lang/crates.io-index"
checksum = "e83a15e8f8f39677d2f9e62850bb79218db25d7a352b0f2134932bf5eb3fdff2"
dependencies = [
 "cc",
 "convert_case",
 "cxx-gen",
 "cxx-qt-gen",
 "cxx-qt-lib-headers",
 "proc-macro2",
 "qt-build-utils",
 "quote",
]

[[package]]
name = "cxx-qt-gen"
version = "0.5.3"
source = "registry+https://github.com/rust-lang/crates.io-index"
checksum = "389cd0e44b265d2a23124006c2100571040bda5c0b74e98e9a3740f9abf309db"
dependencies = [
 "clang-format",
 "convert_case",
 "indoc",
 "proc-macro2",
 "quote",
 "syn 1.0.109",
]

[[package]]
name = "cxx-qt-lib"
version = "0.5.3"
source = "registry+https://github.com/rust-lang/crates.io-index"
checksum = "8cee7ccaf5fc9f0a4562aae0dcd387756dda0772571e0b9d0f255f542a970b50"
dependencies = [
 "cxx",
 "cxx-build",
 "cxx-qt-lib-headers",
 "qt-build-utils",
]

[[package]]
name = "cxx-qt-lib-headers"
version = "0.5.3"
source = "registry+https://github.com/rust-lang/crates.io-index"
checksum = "d7fa7bf31bd520d00536d27b9e26a265a1cba6d84ec544175f254c755406110c"

[[package]]
name = "cxxbridge-flags"
version = "1.0.102"
source = "registry+https://github.com/rust-lang/crates.io-index"
checksum = "78a19f4c80fd9ab6c882286fa865e92e07688f4387370a209508014ead8751d0"

[[package]]
name = "cxxbridge-macro"
version = "1.0.102"
source = "registry+https://github.com/rust-lang/crates.io-index"
checksum = "b8fcfa71f66c8563c4fa9dd2bb68368d50267856f831ac5d85367e0805f9606c"
dependencies = [
 "proc-macro2",
 "quote",
 "syn 2.0.27",
]

[[package]]
name = "either"
version = "1.9.0"
source = "registry+https://github.com/rust-lang/crates.io-index"
checksum = "a26ae43d7bcc3b814de94796a5e736d4029efb0ee900c12e2d54c993ad1a1e07"

[[package]]
name = "indoc"
version = "2.0.3"
source = "registry+https://github.com/rust-lang/crates.io-index"
checksum = "2c785eefb63ebd0e33416dfcb8d6da0bf27ce752843a45632a67bf10d4d4b5c4"

[[package]]
name = "itertools"
version = "0.10.5"
source = "registry+https://github.com/rust-lang/crates.io-index"
checksum = "b0fd2260e829bddf4cb6ea802289de2f86d6a7a690192fbe91b3f46e0f2c8473"
dependencies = [
 "either",
]

[[package]]
name = "jobserver"
version = "0.1.26"
source = "registry+https://github.com/rust-lang/crates.io-index"
checksum = "936cfd212a0155903bcbc060e316fb6cc7cbf2e1907329391ebadc1fe0ce77c2"
dependencies = [
 "libc",
]

[[package]]
name = "libc"
version = "0.2.147"
source = "registry+https://github.com/rust-lang/crates.io-index"
checksum = "b4668fb0ea861c1df094127ac5f1da3409a82116a4ba74fca2e58ef927159bb3"

[[package]]
name = "link-cplusplus"
version = "1.0.9"
source = "registry+https://github.com/rust-lang/crates.io-index"
checksum = "9d240c6f7e1ba3a28b0249f774e6a9dd0175054b52dfbb61b16eb8505c3785c9"
dependencies = [
 "cc",
]

[[package]]
name = "memchr"
version = "2.5.0"
source = "registry+https://github.com/rust-lang/crates.io-index"
checksum = "2dffe52ecf27772e601905b7522cb4ef790d2cc203488bbd0e2fe85fcb74566d"

[[package]]
name = "minimal-lexical"
version = "0.2.1"
source = "registry+https://github.com/rust-lang/crates.io-index"
checksum = "68354c5c6bd36d73ff3feceb05efa59b6acb7626617f4962be322a825e61f79a"

[[package]]
name = "nom"
version = "7.1.3"
source = "registry+https://github.com/rust-lang/crates.io-index"
checksum = "d273983c5a657a70a3e8f2a01329822f3b8c8172b73826411a55751e404a0a4a"
dependencies = [
 "memchr",
 "minimal-lexical",
]

[[package]]
name = "once_cell"
version = "1.18.0"
source = "registry+https://github.com/rust-lang/crates.io-index"
checksum = "dd8b5dd2ae5ed71462c540258bedcb51965123ad7e7ccf4b9a8cafaa4a63576d"

[[package]]
name = "presenter"
version = "0.1.0"
dependencies = [
 "cxx",
 "cxx-qt",
 "cxx-qt-build",
 "cxx-qt-lib",
]

[[package]]
name = "proc-macro2"
version = "1.0.66"
source = "registry+https://github.com/rust-lang/crates.io-index"
checksum = "18fb31db3f9bddb2ea821cde30a9f70117e3f119938b5ee630b7403aa6e2ead9"
dependencies = [
 "unicode-ident",
]

[[package]]
name = "qt-build-utils"
version = "0.5.3"
source = "registry+https://github.com/rust-lang/crates.io-index"
checksum = "d5ce806205819a87696bb9275c831be88a79592f035d4cc17d01625395cbe1da"
dependencies = [
 "thiserror",
 "versions",
]

[[package]]
name = "quote"
version = "1.0.32"
source = "registry+https://github.com/rust-lang/crates.io-index"
checksum = "50f3b39ccfb720540debaa0164757101c08ecb8d326b15358ce76a62c7e85965"
dependencies = [
 "proc-macro2",
]

[[package]]
name = "scratch"
version = "1.0.7"
source = "registry+https://github.com/rust-lang/crates.io-index"
checksum = "a3cf7c11c38cb994f3d40e8a8cde3bbd1f72a435e4c49e85d6553d8312306152"

[[package]]
name = "syn"
version = "1.0.109"
source = "registry+https://github.com/rust-lang/crates.io-index"
checksum = "72b64191b275b66ffe2469e8af2c1cfe3bafa67b529ead792a6d0160888b4237"
dependencies = [
 "proc-macro2",
 "quote",
 "unicode-ident",
]

[[package]]
name = "syn"
version = "2.0.27"
source = "registry+https://github.com/rust-lang/crates.io-index"
checksum = "b60f673f44a8255b9c8c657daf66a596d435f2da81a555b06dc644d080ba45e0"
dependencies = [
 "proc-macro2",
 "quote",
 "unicode-ident",
]

[[package]]
name = "termcolor"
version = "1.2.0"
source = "registry+https://github.com/rust-lang/crates.io-index"
checksum = "be55cf8942feac5c765c2c993422806843c9a9a45d4d5c407ad6dd2ea95eb9b6"
dependencies = [
 "winapi-util",
]

[[package]]
name = "thiserror"
version = "1.0.44"
source = "registry+https://github.com/rust-lang/crates.io-index"
checksum = "611040a08a0439f8248d1990b111c95baa9c704c805fa1f62104b39655fd7f90"
dependencies = [
 "thiserror-impl",
]

[[package]]
name = "thiserror-impl"
version = "1.0.44"
source = "registry+https://github.com/rust-lang/crates.io-index"
checksum = "090198534930841fab3a5d1bb637cde49e339654e606195f8d9c76eeb081dc96"
dependencies = [
 "proc-macro2",
 "quote",
 "syn 2.0.27",
]

[[package]]
name = "unicode-ident"
version = "1.0.11"
source = "registry+https://github.com/rust-lang/crates.io-index"
checksum = "301abaae475aa91687eb82514b328ab47a211a533026cb25fc3e519b86adfc3c"

[[package]]
name = "unicode-segmentation"
version = "1.10.1"
source = "registry+https://github.com/rust-lang/crates.io-index"
checksum = "1dd624098567895118886609431a7c3b8f516e41d30e0643f03d94592a147e36"

[[package]]
name = "unicode-width"
version = "0.1.10"
source = "registry+https://github.com/rust-lang/crates.io-index"
checksum = "c0edd1e5b14653f783770bce4a4dabb4a5108a5370a5f5d8cfe8710c361f6c8b"

[[package]]
name = "versions"
version = "4.1.0"
source = "registry+https://github.com/rust-lang/crates.io-index"
checksum = "ee97e1d97bd593fb513912a07691b742361b3dd64ad56f2c694ea2dbfe0665d3"
dependencies = [
 "itertools",
 "nom",
]

[[package]]
name = "winapi"
version = "0.3.9"
source = "registry+https://github.com/rust-lang/crates.io-index"
checksum = "5c839a674fcd7a98952e593242ea400abe93992746761e38641405d28b00f419"
dependencies = [
 "winapi-i686-pc-windows-gnu",
 "winapi-x86_64-pc-windows-gnu",
]

[[package]]
name = "winapi-i686-pc-windows-gnu"
version = "0.4.0"
source = "registry+https://github.com/rust-lang/crates.io-index"
checksum = "ac3b87c63620426dd9b991e5ce0329eff545bccbbb34f3be09ff6fb6ab51b7b6"

[[package]]
name = "winapi-util"
version = "0.1.5"
source = "registry+https://github.com/rust-lang/crates.io-index"
checksum = "70ec6ce85bb158151cae5e5c87f95a8e97d2c0c4b001223f33a334e3ce5de178"
dependencies = [
 "winapi",
]

[[package]]
name = "winapi-x86_64-pc-windows-gnu"
version = "0.4.0"
source = "registry+https://github.com/rust-lang/crates.io-index"
checksum = "712e227841d057c1ee1cd2fb22fa7e5a5461ae8e48fa2ca79ec42cfc1931183f"
