# This file is automatically @generated by Cargo.
# It is not intended for manual editing.
version = 3

[[package]]
name = "application"
version = "0.1.0"

[[package]]
name = "contracts"
version = "0.1.0"

[[package]]
name = "contracts-cqrs"
version = "0.1.0"

[[package]]
name = "contracts-dto"
version = "0.1.0"

[[package]]
name = "domain"
version = "0.1.0"

[[package]]
name = "infrastructure"
version = "0.1.0"

[[package]]
name = "tools"
version = "0.1.0"
